// !$*UTF8*$!
{
	archiveVersion = 1;
	classes = {
	};
	objectVersion = 46;
	objects = {

/* Begin PBXBuildFile section */
		E4294FC51BFEC5ED00D0FE53 /* AppDelegate.swift in Sources */ = {isa = PBXBuildFile; fileRef = E4294FC41BFEC5ED00D0FE53 /* AppDelegate.swift */; };
		E4294FC71BFEC5ED00D0FE53 /* ViewController.swift in Sources */ = {isa = PBXBuildFile; fileRef = E4294FC61BFEC5ED00D0FE53 /* ViewController.swift */; };
		E4294FCA1BFEC5ED00D0FE53 /* Main.storyboard in Resources */ = {isa = PBXBuildFile; fileRef = E4294FC81BFEC5ED00D0FE53 /* Main.storyboard */; };
		E4294FCC1BFEC5ED00D0FE53 /* Images.xcassets in Resources */ = {isa = PBXBuildFile; fileRef = E4294FCB1BFEC5ED00D0FE53 /* Images.xcassets */; };
		E4294FCF1BFEC5ED00D0FE53 /* LaunchScreen.xib in Resources */ = {isa = PBXBuildFile; fileRef = E4294FCD1BFEC5ED00D0FE53 /* LaunchScreen.xib */; };
		E4294FDB1BFEC5ED00D0FE53 /* PassportTests.swift in Sources */ = {isa = PBXBuildFile; fileRef = E4294FDA1BFEC5ED00D0FE53 /* PassportTests.swift */; };
		E4294FE51BFEC9F300D0FE53 /* White_Guy_Obama.jpg in Resources */ = {isa = PBXBuildFile; fileRef = E4294FE41BFEC9F300D0FE53 /* White_Guy_Obama.jpg */; };
		E4294FE71BFECC9600D0FE53 /* CountriesTableViewController.swift in Sources */ = {isa = PBXBuildFile; fileRef = E4294FE61BFECC9600D0FE53 /* CountriesTableViewController.swift */; };
		E429D83D1C18CEEE00CE681E /* MapKit.framework in Frameworks */ = {isa = PBXBuildFile; fileRef = E429D83C1C18CEEE00CE681E /* MapKit.framework */; };
		E429D83F1C18CF4A00CE681E /* MapViewController.swift in Sources */ = {isa = PBXBuildFile; fileRef = E429D83E1C18CF4A00CE681E /* MapViewController.swift */; };
/* End PBXBuildFile section */

/* Begin PBXContainerItemProxy section */
		E4294FD51BFEC5ED00D0FE53 /* PBXContainerItemProxy */ = {
			isa = PBXContainerItemProxy;
			containerPortal = E4294FB71BFEC5EC00D0FE53 /* Project object */;
			proxyType = 1;
			remoteGlobalIDString = E4294FBE1BFEC5EC00D0FE53;
			remoteInfo = Passport;
		};
/* End PBXContainerItemProxy section */

/* Begin PBXFileReference section */
		E4294FBF1BFEC5ED00D0FE53 /* Passport.app */ = {isa = PBXFileReference; explicitFileType = wrapper.application; includeInIndex = 0; path = Passport.app; sourceTree = BUILT_PRODUCTS_DIR; };
		E4294FC31BFEC5ED00D0FE53 /* Info.plist */ = {isa = PBXFileReference; lastKnownFileType = text.plist.xml; path = Info.plist; sourceTree = "<group>"; };
		E4294FC41BFEC5ED00D0FE53 /* AppDelegate.swift */ = {isa = PBXFileReference; lastKnownFileType = sourcecode.swift; path = AppDelegate.swift; sourceTree = "<group>"; };
		E4294FC61BFEC5ED00D0FE53 /* ViewController.swift */ = {isa = PBXFileReference; lastKnownFileType = sourcecode.swift; path = ViewController.swift; sourceTree = "<group>"; };
		E4294FC91BFEC5ED00D0FE53 /* Base */ = {isa = PBXFileReference; lastKnownFileType = file.storyboard; name = Base; path = Base.lproj/Main.storyboard; sourceTree = "<group>"; };
		E4294FCB1BFEC5ED00D0FE53 /* Images.xcassets */ = {isa = PBXFileReference; lastKnownFileType = folder.assetcatalog; path = Images.xcassets; sourceTree = "<group>"; };
		E4294FCE1BFEC5ED00D0FE53 /* Base */ = {isa = PBXFileReference; lastKnownFileType = file.xib; name = Base; path = Base.lproj/LaunchScreen.xib; sourceTree = "<group>"; };
		E4294FD41BFEC5ED00D0FE53 /* PassportTests.xctest */ = {isa = PBXFileReference; explicitFileType = wrapper.cfbundle; includeInIndex = 0; path = PassportTests.xctest; sourceTree = BUILT_PRODUCTS_DIR; };
		E4294FD91BFEC5ED00D0FE53 /* Info.plist */ = {isa = PBXFileReference; lastKnownFileType = text.plist.xml; path = Info.plist; sourceTree = "<group>"; };
		E4294FDA1BFEC5ED00D0FE53 /* PassportTests.swift */ = {isa = PBXFileReference; lastKnownFileType = sourcecode.swift; path = PassportTests.swift; sourceTree = "<group>"; };
		E4294FE41BFEC9F300D0FE53 /* White_Guy_Obama.jpg */ = {isa = PBXFileReference; lastKnownFileType = image.jpeg; name = White_Guy_Obama.jpg; path = ../../../../../Downloads/White_Guy_Obama.jpg; sourceTree = "<group>"; };
		E4294FE61BFECC9600D0FE53 /* CountriesTableViewController.swift */ = {isa = PBXFileReference; fileEncoding = 4; lastKnownFileType = sourcecode.swift; path = CountriesTableViewController.swift; sourceTree = "<group>"; };
		E429D83C1C18CEEE00CE681E /* MapKit.framework */ = {isa = PBXFileReference; lastKnownFileType = wrapper.framework; name = MapKit.framework; path = System/Library/Frameworks/MapKit.framework; sourceTree = SDKROOT; };
		E429D83E1C18CF4A00CE681E /* MapViewController.swift */ = {isa = PBXFileReference; fileEncoding = 4; lastKnownFileType = sourcecode.swift; path = MapViewController.swift; sourceTree = "<group>"; };
/* End PBXFileReference section */

/* Begin PBXFrameworksBuildPhase section */
		E4294FBC1BFEC5EC00D0FE53 /* Frameworks */ = {
			isa = PBXFrameworksBuildPhase;
			buildActionMask = 2147483647;
			files = (
				E429D83D1C18CEEE00CE681E /* MapKit.framework in Frameworks */,
			);
			runOnlyForDeploymentPostprocessing = 0;
		};
		E4294FD11BFEC5ED00D0FE53 /* Frameworks */ = {
			isa = PBXFrameworksBuildPhase;
			buildActionMask = 2147483647;
			files = (
			);
			runOnlyForDeploymentPostprocessing = 0;
		};
/* End PBXFrameworksBuildPhase section */

/* Begin PBXGroup section */
		E4294FB61BFEC5EC00D0FE53 = {
			isa = PBXGroup;
			children = (
				E429D83E1C18CF4A00CE681E /* MapViewController.swift */,
				E429D83C1C18CEEE00CE681E /* MapKit.framework */,
				E4294FC11BFEC5ED00D0FE53 /* Passport */,
				E4294FD71BFEC5ED00D0FE53 /* PassportTests */,
				E4294FC01BFEC5ED00D0FE53 /* Products */,
			);
			sourceTree = "<group>";
		};
		E4294FC01BFEC5ED00D0FE53 /* Products */ = {
			isa = PBXGroup;
			children = (
				E4294FBF1BFEC5ED00D0FE53 /* Passport.app */,
				E4294FD41BFEC5ED00D0FE53 /* PassportTests.xctest */,
			);
			name = Products;
			sourceTree = "<group>";
		};
		E4294FC11BFEC5ED00D0FE53 /* Passport */ = {
			isa = PBXGroup;
			children = (
				E4294FC41BFEC5ED00D0FE53 /* AppDelegate.swift */,
				E4294FC61BFEC5ED00D0FE53 /* ViewController.swift */,
				E4294FC81BFEC5ED00D0FE53 /* Main.storyboard */,
				E4294FE61BFECC9600D0FE53 /* CountriesTableViewController.swift */,
				E4294FE41BFEC9F300D0FE53 /* White_Guy_Obama.jpg */,
				E4294FCB1BFEC5ED00D0FE53 /* Images.xcassets */,
				E4294FCD1BFEC5ED00D0FE53 /* LaunchScreen.xib */,
				E4294FC21BFEC5ED00D0FE53 /* Supporting Files */,
			);
			path = Passport;
			sourceTree = "<group>";
		};
		E4294FC21BFEC5ED00D0FE53 /* Supporting Files */ = {
			isa = PBXGroup;
			children = (
				E4294FC31BFEC5ED00D0FE53 /* Info.plist */,
			);
			name = "Supporting Files";
			sourceTree = "<group>";
		};
		E4294FD71BFEC5ED00D0FE53 /* PassportTests */ = {
			isa = PBXGroup;
			children = (
				E4294FDA1BFEC5ED00D0FE53 /* PassportTests.swift */,
				E4294FD81BFEC5ED00D0FE53 /* Supporting Files */,
			);
			path = PassportTests;
			sourceTree = "<group>";
		};
		E4294FD81BFEC5ED00D0FE53 /* Supporting Files */ = {
			isa = PBXGroup;
			children = (
				E4294FD91BFEC5ED00D0FE53 /* Info.plist */,
			);
			name = "Supporting Files";
			sourceTree = "<group>";
		};
/* End PBXGroup section */

/* Begin PBXNativeTarget section */
		E4294FBE1BFEC5EC00D0FE53 /* Passport */ = {
			isa = PBXNativeTarget;
			buildConfigurationList = E4294FDE1BFEC5ED00D0FE53 /* Build configuration list for PBXNativeTarget "Passport" */;
			buildPhases = (
				E4294FBB1BFEC5EC00D0FE53 /* Sources */,
				E4294FBC1BFEC5EC00D0FE53 /* Frameworks */,
				E4294FBD1BFEC5EC00D0FE53 /* Resources */,
			);
			buildRules = (
			);
			dependencies = (
			);
			name = Passport;
			productName = Passport;
			productReference = E4294FBF1BFEC5ED00D0FE53 /* Passport.app */;
			productType = "com.apple.product-type.application";
		};
		E4294FD31BFEC5ED00D0FE53 /* PassportTests */ = {
			isa = PBXNativeTarget;
			buildConfigurationList = E4294FE11BFEC5ED00D0FE53 /* Build configuration list for PBXNativeTarget "PassportTests" */;
			buildPhases = (
				E4294FD01BFEC5ED00D0FE53 /* Sources */,
				E4294FD11BFEC5ED00D0FE53 /* Frameworks */,
				E4294FD21BFEC5ED00D0FE53 /* Resources */,
			);
			buildRules = (
			);
			dependencies = (
				E4294FD61BFEC5ED00D0FE53 /* PBXTargetDependency */,
			);
			name = PassportTests;
			productName = PassportTests;
			productReference = E4294FD41BFEC5ED00D0FE53 /* PassportTests.xctest */;
			productType = "com.apple.product-type.bundle.unit-test";
		};
/* End PBXNativeTarget section */

/* Begin PBXProject section */
		E4294FB71BFEC5EC00D0FE53 /* Project object */ = {
			isa = PBXProject;
			attributes = {
				LastUpgradeCheck = 0600;
				ORGANIZATIONNAME = ChristopherWFrost;
				TargetAttributes = {
					E4294FBE1BFEC5EC00D0FE53 = {
						CreatedOnToolsVersion = 6.0.1;
						SystemCapabilities = {
							com.apple.Maps.iOS = {
								enabled = 1;
							};
						};
					};
					E4294FD31BFEC5ED00D0FE53 = {
						CreatedOnToolsVersion = 6.0.1;
						TestTargetID = E4294FBE1BFEC5EC00D0FE53;
					};
				};
			};
			buildConfigurationList = E4294FBA1BFEC5EC00D0FE53 /* Build configuration list for PBXProject "Passport" */;
			compatibilityVersion = "Xcode 3.2";
			developmentRegion = English;
			hasScannedForEncodings = 0;
			knownRegions = (
				en,
				Base,
			);
			mainGroup = E4294FB61BFEC5EC00D0FE53;
			productRefGroup = E4294FC01BFEC5ED00D0FE53 /* Products */;
			projectDirPath = "";
			projectRoot = "";
			targets = (
				E4294FBE1BFEC5EC00D0FE53 /* Passport */,
				E4294FD31BFEC5ED00D0FE53 /* PassportTests */,
			);
		};
/* End PBXProject section */

/* Begin PBXResourcesBuildPhase section */
		E4294FBD1BFEC5EC00D0FE53 /* Resources */ = {
			isa = PBXResourcesBuildPhase;
			buildActionMask = 2147483647;
			files = (
				E4294FCA1BFEC5ED00D0FE53 /* Main.storyboard in Resources */,
				E4294FCF1BFEC5ED00D0FE53 /* LaunchScreen.xib in Resources */,
				E4294FE51BFEC9F300D0FE53 /* White_Guy_Obama.jpg in Resources */,
				E4294FCC1BFEC5ED00D0FE53 /* Images.xcassets in Resources */,
			);
			runOnlyForDeploymentPostprocessing = 0;
		};
		E4294FD21BFEC5ED00D0FE53 /* Resources */ = {
			isa = PBXResourcesBuildPhase;
			buildActionMask = 2147483647;
			files = (
			);
			runOnlyForDeploymentPostprocessing = 0;
		};
/* End PBXResourcesBuildPhase section */

/* Begin PBXSourcesBuildPhase section */
		E4294FBB1BFEC5EC00D0FE53 /* Sources */ = {
			isa = PBXSourcesBuildPhase;
			buildActionMask = 2147483647;
			files = (
				E4294FC71BFEC5ED00D0FE53 /* ViewController.swift in Sources */,
				E4294FE71BFECC9600D0FE53 /* CountriesTableViewController.swift in Sources */,
				E4294FC51BFEC5ED00D0FE53 /* AppDelegate.swift in Sources */,
				E429D83F1C18CF4A00CE681E /* MapViewController.swift in Sources */,
			);
			runOnlyForDeploymentPostprocessing = 0;
		};
		E4294FD01BFEC5ED00D0FE53 /* Sources */ = {
			isa = PBXSourcesBuildPhase;
			buildActionMask = 2147483647;
			files = (
				E4294FDB1BFEC5ED00D0FE53 /* PassportTests.swift in Sources */,
			);
			runOnlyForDeploymentPostprocessing = 0;
		};
/* End PBXSourcesBuildPhase section */

/* Begin PBXTargetDependency section */
		E4294FD61BFEC5ED00D0FE53 /* PBXTargetDependency */ = {
			isa = PBXTargetDependency;
			target = E4294FBE1BFEC5EC00D0FE53 /* Passport */;
			targetProxy = E4294FD51BFEC5ED00D0FE53 /* PBXContainerItemProxy */;
		};
/* End PBXTargetDependency section */

/* Begin PBXVariantGroup section */
		E4294FC81BFEC5ED00D0FE53 /* Main.storyboard */ = {
			isa = PBXVariantGroup;
			children = (
				E4294FC91BFEC5ED00D0FE53 /* Base */,
			);
			name = Main.storyboard;
			sourceTree = "<group>";
		};
		E4294FCD1BFEC5ED00D0FE53 /* LaunchScreen.xib */ = {
			isa = PBXVariantGroup;
			children = (
				E4294FCE1BFEC5ED00D0FE53 /* Base */,
			);
			name = LaunchScreen.xib;
			sourceTree = "<group>";
		};
/* End PBXVariantGroup section */

/* Begin XCBuildConfiguration section */
		E4294FDC1BFEC5ED00D0FE53 /* Debug */ = {
			isa = XCBuildConfiguration;
			buildSettings = {
				ALWAYS_SEARCH_USER_PATHS = NO;
				CLANG_CXX_LANGUAGE_STANDARD = "gnu++0x";
				CLANG_CXX_LIBRARY = "libc++";
				CLANG_ENABLE_MODULES = YES;
				CLANG_ENABLE_OBJC_ARC = YES;
				CLANG_WARN_BOOL_CONVERSION = YES;
				CLANG_WARN_CONSTANT_CONVERSION = YES;
				CLANG_WARN_DIRECT_OBJC_ISA_USAGE = YES_ERROR;
				CLANG_WARN_EMPTY_BODY = YES;
				CLANG_WARN_ENUM_CONVERSION = YES;
				CLANG_WARN_INT_CONVERSION = YES;
				CLANG_WARN_OBJC_ROOT_CLASS = YES_ERROR;
				CLANG_WARN_UNREACHABLE_CODE = YES;
				CLANG_WARN__DUPLICATE_METHOD_MATCH = YES;
				"CODE_SIGN_IDENTITY[sdk=iphoneos*]" = "iPhone Developer";
				COPY_PHASE_STRIP = NO;
				ENABLE_STRICT_OBJC_MSGSEND = YES;
				GCC_C_LANGUAGE_STANDARD = gnu99;
				GCC_DYNAMIC_NO_PIC = NO;
				GCC_OPTIMIZATION_LEVEL = 0;
				GCC_PREPROCESSOR_DEFINITIONS = (
					"DEBUG=1",
					"$(inherited)",
				);
				GCC_SYMBOLS_PRIVATE_EXTERN = NO;
				GCC_WARN_64_TO_32_BIT_CONVERSION = YES;
				GCC_WARN_ABOUT_RETURN_TYPE = YES_ERROR;
				GCC_WARN_UNDECLARED_SELECTOR = YES;
				GCC_WARN_UNINITIALIZED_AUTOS = YES_AGGRESSIVE;
				GCC_WARN_UNUSED_FUNCTION = YES;
				GCC_WARN_UNUSED_VARIABLE = YES;
				IPHONEOS_DEPLOYMENT_TARGET = 8.0;
				MTL_ENABLE_DEBUG_INFO = YES;
				ONLY_ACTIVE_ARCH = YES;
				SDKROOT = iphoneos;
				SWIFT_OPTIMIZATION_LEVEL = "-Onone";
			};
			name = Debug;
		};
		E4294FDD1BFEC5ED00D0FE53 /* Release */ = {
			isa = XCBuildConfiguration;
			buildSettings = {
				ALWAYS_SEARCH_USER_PATHS = NO;
				CLANG_CXX_LANGUAGE_STANDARD = "gnu++0x";
				CLANG_CXX_LIBRARY = "libc++";
				CLANG_ENABLE_MODULES = YES;
				CLANG_ENABLE_OBJC_ARC = YES;
				CLANG_WARN_BOOL_CONVERSION = YES;
				CLANG_WARN_CONSTANT_CONVERSION = YES;
				CLANG_WARN_DIRECT_OBJC_ISA_USAGE = YES_ERROR;
				CLANG_WARN_EMPTY_BODY = YES;
				CLANG_WARN_ENUM_CONVERSION = YES;
				CLANG_WARN_INT_CONVERSION = YES;
				CLANG_WARN_OBJC_ROOT_CLASS = YES_ERROR;
				CLANG_WARN_UNREACHABLE_CODE = YES;
				CLANG_WARN__DUPLICATE_METHOD_MATCH = YES;
				"CODE_SIGN_IDENTITY[sdk=iphoneos*]" = "iPhone Developer";
				COPY_PHASE_STRIP = YES;
				ENABLE_NS_ASSERTIONS = NO;
				ENABLE_STRICT_OBJC_MSGSEND = YES;
				GCC_C_LANGUAGE_STANDARD = gnu99;
				GCC_WARN_64_TO_32_BIT_CONVERSION = YES;
				GCC_WARN_ABOUT_RETURN_TYPE = YES_ERROR;
				GCC_WARN_UNDECLARED_SELECTOR = YES;
				GCC_WARN_UNINITIALIZED_AUTOS = YES_AGGRESSIVE;
				GCC_WARN_UNUSED_FUNCTION = YES;
				GCC_WARN_UNUSED_VARIABLE = YES;
				IPHONEOS_DEPLOYMENT_TARGET = 8.0;
				MTL_ENABLE_DEBUG_INFO = NO;
				SDKROOT = iphoneos;
				VALIDATE_PRODUCT = YES;
			};
			name = Release;
		};
		E4294FDF1BFEC5ED00D0FE53 /* Debug */ = {
			isa = XCBuildConfiguration;
			buildSettings = {
				ASSETCATALOG_COMPILER_APPICON_NAME = AppIcon;
				INFOPLIST_FILE = Passport/Info.plist;
				LD_RUNPATH_SEARCH_PATHS = "$(inherited) @executable_path/Frameworks";
				PRODUCT_NAME = "$(TARGET_NAME)";
				TARGETED_DEVICE_FAMILY = "1,2";
			};
			name = Debug;
		};
		E4294FE01BFEC5ED00D0FE53 /* Release */ = {
			isa = XCBuildConfiguration;
			buildSettings = {
				ASSETCATALOG_COMPILER_APPICON_NAME = AppIcon;
				INFOPLIST_FILE = Passport/Info.plist;
				LD_RUNPATH_SEARCH_PATHS = "$(inherited) @executable_path/Frameworks";
				PRODUCT_NAME = "$(TARGET_NAME)";
				TARGETED_DEVICE_FAMILY = "1,2";
			};
			name = Release;
		};
		E4294FE21BFEC5ED00D0FE53 /* Debug */ = {
			isa = XCBuildConfiguration;
			buildSettings = {
				BUNDLE_LOADER = "$(TEST_HOST)";
				FRAMEWORK_SEARCH_PATHS = (
					"$(SDKROOT)/Developer/Library/Frameworks",
					"$(inherited)",
				);
				GCC_PREPROCESSOR_DEFINITIONS = (
					"DEBUG=1",
					"$(inherited)",
				);
				INFOPLIST_FILE = PassportTests/Info.plist;
				LD_RUNPATH_SEARCH_PATHS = "$(inherited) @executable_path/Frameworks @loader_path/Frameworks";
				PRODUCT_NAME = "$(TARGET_NAME)";
				TEST_HOST = "$(BUILT_PRODUCTS_DIR)/Passport.app/Passport";
			};
			name = Debug;
		};
		E4294FE31BFEC5ED00D0FE53 /* Release */ = {
			isa = XCBuildConfiguration;
			buildSettings = {
				BUNDLE_LOADER = "$(TEST_HOST)";
				FRAMEWORK_SEARCH_PATHS = (
					"$(SDKROOT)/Developer/Library/Frameworks",
					"$(inherited)",
				);
				INFOPLIST_FILE = PassportTests/Info.plist;
				LD_RUNPATH_SEARCH_PATHS = "$(inherited) @executable_path/Frameworks @loader_path/Frameworks";
				PRODUCT_NAME = "$(TARGET_NAME)";
				TEST_HOST = "$(BUILT_PRODUCTS_DIR)/Passport.app/Passport";
			};
			name = Release;
		};
/* End XCBuildConfiguration section */

/* Begin XCConfigurationList section */
		E4294FBA1BFEC5EC00D0FE53 /* Build configuration list for PBXProject "Passport" */ = {
			isa = XCConfigurationList;
			buildConfigurations = (
				E4294FDC1BFEC5ED00D0FE53 /* Debug */,
				E4294FDD1BFEC5ED00D0FE53 /* Release */,
			);
			defaultConfigurationIsVisible = 0;
			defaultConfigurationName = Release;
		};
		E4294FDE1BFEC5ED00D0FE53 /* Build configuration list for PBXNativeTarget "Passport" */ = {
			isa = XCConfigurationList;
			buildConfigurations = (
				E4294FDF1BFEC5ED00D0FE53 /* Debug */,
				E4294FE01BFEC5ED00D0FE53 /* Release */,
			);
			defaultConfigurationIsVisible = 0;
			defaultConfigurationName = Release;
		};
		E4294FE11BFEC5ED00D0FE53 /* Build configuration list for PBXNativeTarget "PassportTests" */ = {
			isa = XCConfigurationList;
			buildConfigurations = (
				E4294FE21BFEC5ED00D0FE53 /* Debug */,
				E4294FE31BFEC5ED00D0FE53 /* Release */,
			);
			defaultConfigurationIsVisible = 0;
			defaultConfigurationName = Release;
		};
/* End XCConfigurationList section */
	};
	rootObject = E4294FB71BFEC5EC00D0FE53 /* Project object */;
}
